
Microsoft Visual Studio Solution File, Format Version 10.00
# Visual Studio 2008
Project("{8BC9CEB8-8B4A-11D0-8D11-00A0C91BC942}") = "HL", "HL.vcproj", "{B85C9C58-B925-4895-8E0D-0AB2AED54BF1}"
EndProject
Global
	GlobalSection(SolutionConfigurationPlatforms) = preSolution
		Debug|Win32 = Debug|Win32
		HE_Debug|Win32 = HE_Debug|Win32
		HE_Release|Win32 = HE_Release|Win32
		Release|Win32 = Release|Win32
	EndGlobalSection
	GlobalSection(ProjectConfigurationPlatforms) = postSolution
		{B85C9C58-B925-4895-8E0D-0AB2AED54BF1}.Debug|Win32.ActiveCfg = Debug|Win32
		{B85C9C58-B925-4895-8E0D-0AB2AED54BF1}.Debug|Win32.Build.0 = Debug|Win32
		{B85C9C58-B925-4895-8E0D-0AB2AED54BF1}.HE_Debug|Win32.ActiveCfg = HE_Debug|Win32
		{B85C9C58-B925-4895-8E0D-0AB2AED54BF1}.HE_Debug|Win32.Build.0 = HE_Debug|Win32
		{B85C9C58-B925-4895-8E0D-0AB2AED54BF1}.HE_Release|Win32.ActiveCfg = HE_Release|Win32
		{B85C9C58-B925-4895-8E0D-0AB2AED54BF1}.HE_Release|Win32.Build.0 = HE_Release|Win32
		{B85C9C58-B925-4895-8E0D-0AB2AED54BF1}.Release|Win32.ActiveCfg = Release|Win32
		{B85C9C58-B925-4895-8E0D-0AB2AED54BF1}.Release|Win32.Build.0 = Release|Win32
	EndGlobalSection
	GlobalSection(SolutionProperties) = preSolution
		HideSolutionNode = FALSE
	EndGlobalSection
EndGlobal
